
Microsoft Visual Studio Solution File, Format Version 12.00
# Visual Studio Version 17
VisualStudioVersion = 17.8.34525.116
MinimumVisualStudioVersion = 10.0.40219.1
Project("{9A19103F-16F7-4668-BE54-9A1E7A4F7556}") = "prjOop", "prjOop\prjOop.csproj", "{019EEBA1-FABA-425B-BE77-3BEB69F431BE}"
EndProject
Project("{9A19103F-16F7-4668-BE54-9A1E7A4F7556}") = "VeggieBurgerTest", "Test Basic OOP\VeggieBurgerTest.csproj", "{8711373B-27BE-4053-8E01-ED6CA4D3A556}"
EndProject
Project("{FAE04EC0-301F-11D3-BF4B-00C04F79EFBC}") = "prjOopTests", "prjOopTests\prjOopTests.csproj", "{0A4BA9D6-8C81-4456-815A-954C22D9D21A}"
EndProject
Global
	GlobalSection(SolutionConfigurationPlatforms) = preSolution
		Debug|Any CPU = Debug|Any CPU
		Release|Any CPU = Release|Any CPU
	EndGlobalSection
	GlobalSection(ProjectConfigurationPlatforms) = postSolution
		{019EEBA1-FABA-425B-BE77-3BEB69F431BE}.Debug|Any CPU.ActiveCfg = Debug|Any CPU
		{019EEBA1-FABA-425B-BE77-3BEB69F431BE}.Debug|Any CPU.Build.0 = Debug|Any CPU
		{019EEBA1-FABA-425B-BE77-3BEB69F431BE}.Release|Any CPU.ActiveCfg = Release|Any CPU
		{019EEBA1-FABA-425B-BE77-3BEB69F431BE}.Release|Any CPU.Build.0 = Release|Any CPU
		{8711373B-27BE-4053-8E01-ED6CA4D3A556}.Debug|Any CPU.ActiveCfg = Debug|Any CPU
		{8711373B-27BE-4053-8E01-ED6CA4D3A556}.Debug|Any CPU.Build.0 = Debug|Any CPU
		{8711373B-27BE-4053-8E01-ED6CA4D3A556}.Release|Any CPU.ActiveCfg = Release|Any CPU
		{8711373B-27BE-4053-8E01-ED6CA4D3A556}.Release|Any CPU.Build.0 = Release|Any CPU
		{0A4BA9D6-8C81-4456-815A-954C22D9D21A}.Debug|Any CPU.ActiveCfg = Debug|Any CPU
		{0A4BA9D6-8C81-4456-815A-954C22D9D21A}.Debug|Any CPU.Build.0 = Debug|Any CPU
		{0A4BA9D6-8C81-4456-815A-954C22D9D21A}.Release|Any CPU.ActiveCfg = Release|Any CPU
		{0A4BA9D6-8C81-4456-815A-954C22D9D21A}.Release|Any CPU.Build.0 = Release|Any CPU
	EndGlobalSection
	GlobalSection(SolutionProperties) = preSolution
		HideSolutionNode = FALSE
	EndGlobalSection
	GlobalSection(ExtensibilityGlobals) = postSolution
		SolutionGuid = {57F5493E-75AD-446E-9C4F-AB10F5762A15}
	EndGlobalSection
EndGlobal
